
Microsoft Visual Studio Solution File, Format Version 12.00
# Visual Studio Version 17
VisualStudioVersion = 17.10.35122.118
MinimumVisualStudioVersion = 10.0.40219.1
Project("{FAE04EC0-301F-11D3-BF4B-00C04F79EFBC}") = "CRUD12788307", "CRUD12788307\CRUD12788307.csproj", "{21529917-FB2A-47BE-AADD-526BD449FE59}"
EndProject
Global
	GlobalSection(SolutionConfigurationPlatforms) = preSolution
		Debug|Any CPU = Debug|Any CPU
		Release|Any CPU = Release|Any CPU
	EndGlobalSection
	GlobalSection(ProjectConfigurationPlatforms) = postSolution
		{21529917-FB2A-47BE-AADD-526BD449FE59}.Debug|Any CPU.ActiveCfg = Debug|Any CPU
		{21529917-FB2A-47BE-AADD-526BD449FE59}.Debug|Any CPU.Build.0 = Debug|Any CPU
		{21529917-FB2A-47BE-AADD-526BD449FE59}.Debug|Any CPU.Deploy.0 = Debug|Any CPU
		{21529917-FB2A-47BE-AADD-526BD449FE59}.Release|Any CPU.ActiveCfg = Release|Any CPU
		{21529917-FB2A-47BE-AADD-526BD449FE59}.Release|Any CPU.Build.0 = Release|Any CPU
		{21529917-FB2A-47BE-AADD-526BD449FE59}.Release|Any CPU.Deploy.0 = Release|Any CPU
	EndGlobalSection
	GlobalSection(SolutionProperties) = preSolution
		HideSolutionNode = FALSE
	EndGlobalSection
	GlobalSection(ExtensibilityGlobals) = postSolution
		SolutionGuid = {5DF96FEA-A8EE-4758-BC24-9E14A9B615DA}
	EndGlobalSection
EndGlobal
